
Microsoft Visual Studio Solution File, Format Version 12.00
# Visual Studio Version 17
VisualStudioVersion = 17.0.31903.59
MinimumVisualStudioVersion = 10.0.40219.1
Project("{FAE04EC0-301F-11D3-BF4B-00C04F79EFBC}") = "DutiesApp", "DutiesApp\DutiesApp.csproj", "{65229B9F-56BA-4240-A9F4-53A7B3C412E7}"
EndProject
Global
	GlobalSection(SolutionConfigurationPlatforms) = preSolution
		Debug|Any CPU = Debug|Any CPU
		Release|Any CPU = Release|Any CPU
	EndGlobalSection
	GlobalSection(ProjectConfigurationPlatforms) = postSolution
		{65229B9F-56BA-4240-A9F4-53A7B3C412E7}.Debug|Any CPU.ActiveCfg = Debug|Any CPU
		{65229B9F-56BA-4240-A9F4-53A7B3C412E7}.Debug|Any CPU.Build.0 = Debug|Any CPU
		{65229B9F-56BA-4240-A9F4-53A7B3C412E7}.Release|Any CPU.ActiveCfg = Release|Any CPU
		{65229B9F-56BA-4240-A9F4-53A7B3C412E7}.Release|Any CPU.Build.0 = Release|Any CPU
	EndGlobalSection
	GlobalSection(SolutionProperties) = preSolution
		HideSolutionNode = FALSE
	EndGlobalSection
	GlobalSection(ExtensibilityGlobals) = postSolution
		SolutionGuid = {362756B6-D217-4FA1-B114-E8C88518731C}
	EndGlobalSection
EndGlobal
